// !$*UTF8*$!
{
	archiveVersion = 1;
	classes = {
	};
	objectVersion = 77;
	objects = {

/* Begin PBXBuildFile section */
		C9170D132F60CA91003D3C33 /* .gitignore.txt in Resources */ = {isa = PBXBuildFile; fileRef = C9170D122F60CA91003D3C33 /* .gitignore.txt */; };
/* End PBXBuildFile section */

/* Begin PBXContainerItemProxy section */
		C9170AEE2F60C7B4003D3C33 /* PBXContainerItemProxy */ = {
			isa = PBXContainerItemProxy;
			containerPortal = C9170AD82F60C7B0003D3C33 /* Project object */;
			proxyType = 1;
			remoteGlobalIDString = C9170ADF2F60C7B0003D3C33;
			remoteInfo = borsaApp;
		};
		C9170AF82F60C7B4003D3C33 /* PBXContainerItemProxy */ = {
			isa = PBXContainerItemProxy;
			containerPortal = C9170AD82F60C7B0003D3C33 /* Project object */;
			proxyType = 1;
			remoteGlobalIDString = C9170ADF2F60C7B0003D3C33;
			remoteInfo = borsaApp;
		};
/* End PBXContainerItemProxy section */

/* Begin PBXFileReference section */
		C9170AE02F60C7B0003D3C33 /* borsaApp.app */ = {isa = PBXFileReference; explicitFileType = wrapper.application; includeInIndex = 0; name = borsaApp.app; path = "/Users/aliakpoyraz/borsaApp/build/Debug-iphoneos/borsaApp.app"; sourceTree = "<absolute>"; };
		C9170AED2F60C7B4003D3C33 /* borsaAppTests.xctest */ = {isa = PBXFileReference; explicitFileType = wrapper.cfbundle; includeInIndex = 0; name = borsaAppTests.xctest; path = "/Users/aliakpoyraz/borsaApp/build/Debug-iphoneos/borsaApp.app/PlugIns/borsaAppTests.xctest"; sourceTree = "<absolute>"; };
		C9170AF72F60C7B4003D3C33 /* borsaAppUITests.xctest */ = {isa = PBXFileReference; explicitFileType = wrapper.cfbundle; includeInIndex = 0; name = borsaAppUITests.xctest; path = "/Users/aliakpoyraz/borsaApp/build/Debug-iphoneos/borsaAppUITests-Runner.app/PlugIns/borsaAppUITests.xctest"; sourceTree = "<absolute>"; };
		C9170D122F60CA91003D3C33 /* .gitignore.txt */ = {isa = PBXFileReference; lastKnownFileType = text; path = .gitignore.txt; sourceTree = "<group>"; };
/* End PBXFileReference section */

/* Begin PBXFileSystemSynchronizedBuildFileExceptionSet section */
		C9170B142F60C7C9003D3C33 /* Exceptions for "Test" folder in "borsaApp" target */ = {
			isa = PBXFileSystemSynchronizedBuildFileExceptionSet;
			membershipExceptions = (
				borsaAppTests/borsaAppTests.swift,
				borsaAppUITests/borsaAppUITests.swift,
				borsaAppUITests/borsaAppUITestsLaunchTests.swift,
			);
			target = C9170ADF2F60C7B0003D3C33 /* borsaApp */;
		};
		C9170B152F60C7C9003D3C33 /* Exceptions for "Test" folder in "borsaAppTests" target */ = {
			isa = PBXFileSystemSynchronizedBuildFileExceptionSet;
			membershipExceptions = (
				borsaAppTests/borsaAppTests.swift,
			);
			target = C9170AEC2F60C7B4003D3C33 /* borsaAppTests */;
		};
		C9170B162F60C7C9003D3C33 /* Exceptions for "Test" folder in "borsaAppUITests" target */ = {
			isa = PBXFileSystemSynchronizedBuildFileExceptionSet;
			membershipExceptions = (
				borsaAppUITests/borsaAppUITests.swift,
				borsaAppUITests/borsaAppUITestsLaunchTests.swift,
			);
			target = C9170AF62F60C7B4003D3C33 /* borsaAppUITests */;
		};
/* End PBXFileSystemSynchronizedBuildFileExceptionSet section */

/* Begin PBXFileSystemSynchronizedRootGroup section */
		C9170B0B2F60C7C4003D3C33 /* Test */ = {
			isa = PBXFileSystemSynchronizedRootGroup;
			exceptions = (
				C9170B142F60C7C9003D3C33 /* Exceptions for "Test" folder in "borsaApp" target */,
				C9170B152F60C7C9003D3C33 /* Exceptions for "Test" folder in "borsaAppTests" target */,
				C9170B162F60C7C9003D3C33 /* Exceptions for "Test" folder in "borsaAppUITests" target */,
			);
			path = Test;
			sourceTree = "<group>";
		};
		C9170C6A2F60C95C003D3C33 /* App */ = {
			isa = PBXFileSystemSynchronizedRootGroup;
			path = App;
			sourceTree = "<group>";
		};
		C9170C832F60C95C003D3C33 /* Core */ = {
			isa = PBXFileSystemSynchronizedRootGroup;
			path = Core;
			sourceTree = "<group>";
		};
		C9170C8E2F60C95C003D3C33 /* Domain */ = {
			isa = PBXFileSystemSynchronizedRootGroup;
			path = Domain;
			sourceTree = "<group>";
		};
		C9170CBF2F60C95C003D3C33 /* Features */ = {
			isa = PBXFileSystemSynchronizedRootGroup;
			path = Features;
			sourceTree = "<group>";
		};
		C9170CC32F60C95C003D3C33 /* Resources */ = {
			isa = PBXFileSystemSynchronizedRootGroup;
			path = Resources;
			sourceTree = "<group>";
		};
		C9170CC52F60C95C003D3C33 /* SupportingFiles */ = {
			isa = PBXFileSystemSynchronizedRootGroup;
			path = SupportingFiles;
			sourceTree = "<group>";
		};
		C9170CCE2F60C95C003D3C33 /* Utilities */ = {
			isa = PBXFileSystemSynchronizedRootGroup;
			path = Utilities;
			sourceTree = "<group>";
		};
/* End PBXFileSystemSynchronizedRootGroup section */

/* Begin PBXFrameworksBuildPhase section */
		C9170ADD2F60C7B0003D3C33 /* Frameworks */ = {
			isa = PBXFrameworksBuildPhase;
			buildActionMask = 2147483647;
			files = (
			);
			runOnlyForDeploymentPostprocessing = 0;
		};
		C9170AEA2F60C7B4003D3C33 /* Frameworks */ = {
			isa = PBXFrameworksBuildPhase;
			buildActionMask = 2147483647;
			files = (
			);
			runOnlyForDeploymentPostprocessing = 0;
		};
		C9170AF42F60C7B4003D3C33 /* Frameworks */ = {
			isa = PBXFrameworksBuildPhase;
			buildActionMask = 2147483647;
			files = (
			);
			runOnlyForDeploymentPostprocessing = 0;
		};
/* End PBXFrameworksBuildPhase section */

/* Begin PBXGroup section */
		C9170AD72F60C7B0003D3C33 = {
			isa = PBXGroup;
			children = (
				C9170D122F60CA91003D3C33 /* .gitignore.txt */,
				C9170C6A2F60C95C003D3C33 /* App */,
				C9170C832F60C95C003D3C33 /* Core */,
				C9170C8E2F60C95C003D3C33 /* Domain */,
				C9170CBF2F60C95C003D3C33 /* Features */,
				C9170CC32F60C95C003D3C33 /* Resources */,
				C9170CC52F60C95C003D3C33 /* SupportingFiles */,
				C9170CCE2F60C95C003D3C33 /* Utilities */,
				C9170B0B2F60C7C4003D3C33 /* Test */,
			);
			sourceTree = "<group>";
		};
/* End PBXGroup section */

/* Begin PBXNativeTarget section */
		C9170ADF2F60C7B0003D3C33 /* borsaApp */ = {
			isa = PBXNativeTarget;
			buildConfigurationList = C9170B012F60C7B4003D3C33 /* Build configuration list for PBXNativeTarget "borsaApp" */;
			buildPhases = (
				C9170ADC2F60C7B0003D3C33 /* Sources */,
				C9170ADD2F60C7B0003D3C33 /* Frameworks */,
				C9170ADE2F60C7B0003D3C33 /* Resources */,
			);
			buildRules = (
			);
			dependencies = (
			);
			fileSystemSynchronizedGroups = (
				C9170B0B2F60C7C4003D3C33 /* Test */,
				C9170C6A2F60C95C003D3C33 /* App */,
				C9170C832F60C95C003D3C33 /* Core */,
				C9170C8E2F60C95C003D3C33 /* Domain */,
				C9170CBF2F60C95C003D3C33 /* Features */,
				C9170CC32F60C95C003D3C33 /* Resources */,
				C9170CC52F60C95C003D3C33 /* SupportingFiles */,
				C9170CCE2F60C95C003D3C33 /* Utilities */,
			);
			name = borsaApp;
			packageProductDependencies = (
			);
			productName = borsaApp;
			productReference = C9170AE02F60C7B0003D3C33 /* borsaApp.app */;
			productType = "com.apple.product-type.application";
		};
		C9170AEC2F60C7B4003D3C33 /* borsaAppTests */ = {
			isa = PBXNativeTarget;
			buildConfigurationList = C9170B042F60C7B4003D3C33 /* Build configuration list for PBXNativeTarget "borsaAppTests" */;
			buildPhases = (
				C9170AE92F60C7B4003D3C33 /* Sources */,
				C9170AEA2F60C7B4003D3C33 /* Frameworks */,
				C9170AEB2F60C7B4003D3C33 /* Resources */,
			);
			buildRules = (
			);
			dependencies = (
				C9170AEF2F60C7B4003D3C33 /* PBXTargetDependency */,
			);
			name = borsaAppTests;
			packageProductDependencies = (
			);
			productName = borsaAppTests;
			productReference = C9170AED2F60C7B4003D3C33 /* borsaAppTests.xctest */;
			productType = "com.apple.product-type.bundle.unit-test";
		};
		C9170AF62F60C7B4003D3C33 /* borsaAppUITests */ = {
			isa = PBXNativeTarget;
			buildConfigurationList = C9170B072F60C7B4003D3C33 /* Build configuration list for PBXNativeTarget "borsaAppUITests" */;
			buildPhases = (
				C9170AF32F60C7B4003D3C33 /* Sources */,
				C9170AF42F60C7B4003D3C33 /* Frameworks */,
				C9170AF52F60C7B4003D3C33 /* Resources */,
			);
			buildRules = (
			);
			dependencies = (
				C9170AF92F60C7B4003D3C33 /* PBXTargetDependency */,
			);
			name = borsaAppUITests;
			packageProductDependencies = (
			);
			productName = borsaAppUITests;
			productReference = C9170AF72F60C7B4003D3C33 /* borsaAppUITests.xctest */;
			productType = "com.apple.product-type.bundle.ui-testing";
		};
/* End PBXNativeTarget section */

/* Begin PBXProject section */
		C9170AD82F60C7B0003D3C33 /* Project object */ = {
			isa = PBXProject;
			attributes = {
				BuildIndependentTargetsInParallel = 1;
				LastSwiftUpdateCheck = 2620;
				LastUpgradeCheck = 2620;
				TargetAttributes = {
					C9170ADF2F60C7B0003D3C33 = {
						CreatedOnToolsVersion = 26.2;
					};
					C9170AEC2F60C7B4003D3C33 = {
						CreatedOnToolsVersion = 26.2;
						TestTargetID = C9170ADF2F60C7B0003D3C33;
					};
					C9170AF62F60C7B4003D3C33 = {
						CreatedOnToolsVersion = 26.2;
						TestTargetID = C9170ADF2F60C7B0003D3C33;
					};
				};
			};
			buildConfigurationList = C9170ADB2F60C7B0003D3C33 /* Build configuration list for PBXProject "borsaApp" */;
			developmentRegion = en;
			hasScannedForEncodings = 0;
			knownRegions = (
				en,
				Base,
			);
			mainGroup = C9170AD72F60C7B0003D3C33;
			minimizedProjectReferenceProxies = 1;
			preferredProjectObjectVersion = 77;
			productRefGroup = C9170AD72F60C7B0003D3C33;
			projectDirPath = "";
			projectRoot = "";
			targets = (
				C9170ADF2F60C7B0003D3C33 /* borsaApp */,
				C9170AEC2F60C7B4003D3C33 /* borsaAppTests */,
				C9170AF62F60C7B4003D3C33 /* borsaAppUITests */,
			);
		};
/* End PBXProject section */

/* Begin PBXResourcesBuildPhase section */
		C9170ADE2F60C7B0003D3C33 /* Resources */ = {
			isa = PBXResourcesBuildPhase;
			buildActionMask = 2147483647;
			files = (
				C9170D132F60CA91003D3C33 /* .gitignore.txt in Resources */,
			);
			runOnlyForDeploymentPostprocessing = 0;
		};
		C9170AEB2F60C7B4003D3C33 /* Resources */ = {
			isa = PBXResourcesBuildPhase;
			buildActionMask = 2147483647;
			files = (
			);
			runOnlyForDeploymentPostprocessing = 0;
		};
		C9170AF52F60C7B4003D3C33 /* Resources */ = {
			isa = PBXResourcesBuildPhase;
			buildActionMask = 2147483647;
			files = (
			);
			runOnlyForDeploymentPostprocessing = 0;
		};
/* End PBXResourcesBuildPhase section */

/* Begin PBXSourcesBuildPhase section */
		C9170ADC2F60C7B0003D3C33 /* Sources */ = {
			isa = PBXSourcesBuildPhase;
			buildActionMask = 2147483647;
			files = (
			);
			runOnlyForDeploymentPostprocessing = 0;
		};
		C9170AE92F60C7B4003D3C33 /* Sources */ = {
			isa = PBXSourcesBuildPhase;
			buildActionMask = 2147483647;
			files = (
			);
			runOnlyForDeploymentPostprocessing = 0;
		};
		C9170AF32F60C7B4003D3C33 /* Sources */ = {
			isa = PBXSourcesBuildPhase;
			buildActionMask = 2147483647;
			files = (
			);
			runOnlyForDeploymentPostprocessing = 0;
		};
/* End PBXSourcesBuildPhase section */

/* Begin PBXTargetDependency section */
		C9170AEF2F60C7B4003D3C33 /* PBXTargetDependency */ = {
			isa = PBXTargetDependency;
			target = C9170ADF2F60C7B0003D3C33 /* borsaApp */;
			targetProxy = C9170AEE2F60C7B4003D3C33 /* PBXContainerItemProxy */;
		};
		C9170AF92F60C7B4003D3C33 /* PBXTargetDependency */ = {
			isa = PBXTargetDependency;
			target = C9170ADF2F60C7B0003D3C33 /* borsaApp */;
			targetProxy = C9170AF82F60C7B4003D3C33 /* PBXContainerItemProxy */;
		};
/* End PBXTargetDependency section */

/* Begin XCBuildConfiguration section */
		C9170AFF2F60C7B4003D3C33 /* Debug */ = {
			isa = XCBuildConfiguration;
			buildSettings = {
				ALWAYS_SEARCH_USER_PATHS = NO;
				ASSETCATALOG_COMPILER_GENERATE_SWIFT_ASSET_SYMBOL_EXTENSIONS = YES;
				CLANG_ANALYZER_NONNULL = YES;
				CLANG_ANALYZER_NUMBER_OBJECT_CONVERSION = YES_AGGRESSIVE;
				CLANG_CXX_LANGUAGE_STANDARD = "gnu++20";
				CLANG_ENABLE_MODULES = YES;
				CLANG_ENABLE_OBJC_ARC = YES;
				CLANG_ENABLE_OBJC_WEAK = YES;
				CLANG_WARN_BLOCK_CAPTURE_AUTORELEASING = YES;
				CLANG_WARN_BOOL_CONVERSION = YES;
				CLANG_WARN_COMMA = YES;
				CLANG_WARN_CONSTANT_CONVERSION = YES;
				CLANG_WARN_DEPRECATED_OBJC_IMPLEMENTATIONS = YES;
				CLANG_WARN_DIRECT_OBJC_ISA_USAGE = YES_ERROR;
				CLANG_WARN_DOCUMENTATION_COMMENTS = YES;
				CLANG_WARN_EMPTY_BODY = YES;
				CLANG_WARN_ENUM_CONVERSION = YES;
				CLANG_WARN_INFINITE_RECURSION = YES;
				CLANG_WARN_INT_CONVERSION = YES;
				CLANG_WARN_NON_LITERAL_NULL_CONVERSION = YES;
				CLANG_WARN_OBJC_IMPLICIT_RETAIN_SELF = YES;
				CLANG_WARN_OBJC_LITERAL_CONVERSION = YES;
				CLANG_WARN_OBJC_ROOT_CLASS = YES_ERROR;
				CLANG_WARN_QUOTED_INCLUDE_IN_FRAMEWORK_HEADER = YES;
				CLANG_WARN_RANGE_LOOP_ANALYSIS = YES;
				CLANG_WARN_STRICT_PROTOTYPES = YES;
				CLANG_WARN_SUSPICIOUS_MOVE = YES;
				CLANG_WARN_UNGUARDED_AVAILABILITY = YES_AGGRESSIVE;
				CLANG_WARN_UNREACHABLE_CODE = YES;
				CLANG_WARN__DUPLICATE_METHOD_MATCH = YES;
				COPY_PHASE_STRIP = NO;
				DEBUG_INFORMATION_FORMAT = dwarf;
				DEVELOPMENT_TEAM = 7VT27N92K3;
				ENABLE_STRICT_OBJC_MSGSEND = YES;
				ENABLE_TESTABILITY = YES;
				ENABLE_USER_SCRIPT_SANDBOXING = YES;
				GCC_C_LANGUAGE_STANDARD = gnu17;
				GCC_DYNAMIC_NO_PIC = NO;
				GCC_NO_COMMON_BLOCKS = YES;
				GCC_OPTIMIZATION_LEVEL = 0;
				GCC_PREPROCESSOR_DEFINITIONS = (
					"DEBUG=1",
					"$(inherited)",
				);
				GCC_WARN_64_TO_32_BIT_CONVERSION = YES;
				GCC_WARN_ABOUT_RETURN_TYPE = YES_ERROR;
				GCC_WARN_UNDECLARED_SELECTOR = YES;
				GCC_WARN_UNINITIALIZED_AUTOS = YES_AGGRESSIVE;
				GCC_WARN_UNUSED_FUNCTION = YES;
				GCC_WARN_UNUSED_VARIABLE = YES;
				IPHONEOS_DEPLOYMENT_TARGET = 26.2;
				LOCALIZATION_PREFERS_STRING_CATALOGS = YES;
				MTL_ENABLE_DEBUG_INFO = INCLUDE_SOURCE;
				MTL_FAST_MATH = YES;
				ONLY_ACTIVE_ARCH = YES;
				SDKROOT = iphoneos;
				SWIFT_ACTIVE_COMPILATION_CONDITIONS = "DEBUG $(inherited)";
				SWIFT_OPTIMIZATION_LEVEL = "-Onone";
			};
			name = Debug;
		};
		C9170B002F60C7B4003D3C33 /* Release */ = {
			isa = XCBuildConfiguration;
			buildSettings = {
				ALWAYS_SEARCH_USER_PATHS = NO;
				ASSETCATALOG_COMPILER_GENERATE_SWIFT_ASSET_SYMBOL_EXTENSIONS = YES;
				CLANG_ANALYZER_NONNULL = YES;
				CLANG_ANALYZER_NUMBER_OBJECT_CONVERSION = YES_AGGRESSIVE;
				CLANG_CXX_LANGUAGE_STANDARD = "gnu++20";
				CLANG_ENABLE_MODULES = YES;
				CLANG_ENABLE_OBJC_ARC = YES;
				CLANG_ENABLE_OBJC_WEAK = YES;
				CLANG_WARN_BLOCK_CAPTURE_AUTORELEASING = YES;
				CLANG_WARN_BOOL_CONVERSION = YES;
				CLANG_WARN_COMMA = YES;
				CLANG_WARN_CONSTANT_CONVERSION = YES;
				CLANG_WARN_DEPRECATED_OBJC_IMPLEMENTATIONS = YES;
				CLANG_WARN_DIRECT_OBJC_ISA_USAGE = YES_ERROR;
				CLANG_WARN_DOCUMENTATION_COMMENTS = YES;
				CLANG_WARN_EMPTY_BODY = YES;
				CLANG_WARN_ENUM_CONVERSION = YES;
				CLANG_WARN_INFINITE_RECURSION = YES;
				CLANG_WARN_INT_CONVERSION = YES;
				CLANG_WARN_NON_LITERAL_NULL_CONVERSION = YES;
				CLANG_WARN_OBJC_IMPLICIT_RETAIN_SELF = YES;
				CLANG_WARN_OBJC_LITERAL_CONVERSION = YES;
				CLANG_WARN_OBJC_ROOT_CLASS = YES_ERROR;
				CLANG_WARN_QUOTED_INCLUDE_IN_FRAMEWORK_HEADER = YES;
				CLANG_WARN_RANGE_LOOP_ANALYSIS = YES;
				CLANG_WARN_STRICT_PROTOTYPES = YES;
				CLANG_WARN_SUSPICIOUS_MOVE = YES;
				CLANG_WARN_UNGUARDED_AVAILABILITY = YES_AGGRESSIVE;
				CLANG_WARN_UNREACHABLE_CODE = YES;
				CLANG_WARN__DUPLICATE_METHOD_MATCH = YES;
				COPY_PHASE_STRIP = NO;
				DEBUG_INFORMATION_FORMAT = "dwarf-with-dsym";
				DEVELOPMENT_TEAM = 7VT27N92K3;
				ENABLE_NS_ASSERTIONS = NO;
				ENABLE_STRICT_OBJC_MSGSEND = YES;
				ENABLE_USER_SCRIPT_SANDBOXING = YES;
				GCC_C_LANGUAGE_STANDARD = gnu17;
				GCC_NO_COMMON_BLOCKS = YES;
				GCC_WARN_64_TO_32_BIT_CONVERSION = YES;
				GCC_WARN_ABOUT_RETURN_TYPE = YES_ERROR;
				GCC_WARN_UNDECLARED_SELECTOR = YES;
				GCC_WARN_UNINITIALIZED_AUTOS = YES_AGGRESSIVE;
				GCC_WARN_UNUSED_FUNCTION = YES;
				GCC_WARN_UNUSED_VARIABLE = YES;
				IPHONEOS_DEPLOYMENT_TARGET = 26.2;
				LOCALIZATION_PREFERS_STRING_CATALOGS = YES;
				MTL_ENABLE_DEBUG_INFO = NO;
				MTL_FAST_MATH = YES;
				SDKROOT = iphoneos;
				SWIFT_COMPILATION_MODE = wholemodule;
				VALIDATE_PRODUCT = YES;
			};
			name = Release;
		};
		C9170B022F60C7B4003D3C33 /* Debug */ = {
			isa = XCBuildConfiguration;
			buildSettings = {
				ASSETCATALOG_COMPILER_APPICON_NAME = AppIcon;
				ASSETCATALOG_COMPILER_GLOBAL_ACCENT_COLOR_NAME = AccentColor;
				CODE_SIGN_STYLE = Automatic;
				CURRENT_PROJECT_VERSION = 1;
				DEVELOPMENT_TEAM = 7VT27N92K3;
				ENABLE_PREVIEWS = YES;
				GENERATE_INFOPLIST_FILE = YES;
				INFOPLIST_KEY_UIApplicationSceneManifest_Generation = YES;
				INFOPLIST_KEY_UIApplicationSupportsIndirectInputEvents = YES;
				INFOPLIST_KEY_UILaunchScreen_Generation = YES;
				INFOPLIST_KEY_UISupportedInterfaceOrientations_iPad = "UIInterfaceOrientationPortrait UIInterfaceOrientationPortraitUpsideDown UIInterfaceOrientationLandscapeLeft UIInterfaceOrientationLandscapeRight";
				INFOPLIST_KEY_UISupportedInterfaceOrientations_iPhone = "UIInterfaceOrientationPortrait UIInterfaceOrientationLandscapeLeft UIInterfaceOrientationLandscapeRight";
				LD_RUNPATH_SEARCH_PATHS = (
					"$(inherited)",
					"@executable_path/Frameworks",
				);
				MARKETING_VERSION = 1.0;
				PRODUCT_BUNDLE_IDENTIFIER = aak.borsaApp;
				PRODUCT_NAME = "$(TARGET_NAME)";
				STRING_CATALOG_GENERATE_SYMBOLS = YES;
				SWIFT_APPROACHABLE_CONCURRENCY = YES;
				SWIFT_DEFAULT_ACTOR_ISOLATION = MainActor;
				SWIFT_EMIT_LOC_STRINGS = YES;
				SWIFT_UPCOMING_FEATURE_MEMBER_IMPORT_VISIBILITY = YES;
				SWIFT_VERSION = 5.0;
				TARGETED_DEVICE_FAMILY = "1,2";
			};
			name = Debug;
		};
		C9170B032F60C7B4003D3C33 /* Release */ = {
			isa = XCBuildConfiguration;
			buildSettings = {
				ASSETCATALOG_COMPILER_APPICON_NAME = AppIcon;
				ASSETCATALOG_COMPILER_GLOBAL_ACCENT_COLOR_NAME = AccentColor;
				CODE_SIGN_STYLE = Automatic;
				CURRENT_PROJECT_VERSION = 1;
				DEVELOPMENT_TEAM = 7VT27N92K3;
				ENABLE_PREVIEWS = YES;
				GENERATE_INFOPLIST_FILE = YES;
				INFOPLIST_KEY_UIApplicationSceneManifest_Generation = YES;
				INFOPLIST_KEY_UIApplicationSupportsIndirectInputEvents = YES;
				INFOPLIST_KEY_UILaunchScreen_Generation = YES;
				INFOPLIST_KEY_UISupportedInterfaceOrientations_iPad = "UIInterfaceOrientationPortrait UIInterfaceOrientationPortraitUpsideDown UIInterfaceOrientationLandscapeLeft UIInterfaceOrientationLandscapeRight";
				INFOPLIST_KEY_UISupportedInterfaceOrientations_iPhone = "UIInterfaceOrientationPortrait UIInterfaceOrientationLandscapeLeft UIInterfaceOrientationLandscapeRight";
				LD_RUNPATH_SEARCH_PATHS = (
					"$(inherited)",
					"@executable_path/Frameworks",
				);
				MARKETING_VERSION = 1.0;
				PRODUCT_BUNDLE_IDENTIFIER = aak.borsaApp;
				PRODUCT_NAME = "$(TARGET_NAME)";
				STRING_CATALOG_GENERATE_SYMBOLS = YES;
				SWIFT_APPROACHABLE_CONCURRENCY = YES;
				SWIFT_DEFAULT_ACTOR_ISOLATION = MainActor;
				SWIFT_EMIT_LOC_STRINGS = YES;
				SWIFT_UPCOMING_FEATURE_MEMBER_IMPORT_VISIBILITY = YES;
				SWIFT_VERSION = 5.0;
				TARGETED_DEVICE_FAMILY = "1,2";
			};
			name = Release;
		};
		C9170B052F60C7B4003D3C33 /* Debug */ = {
			isa = XCBuildConfiguration;
			buildSettings = {
				BUNDLE_LOADER = "$(TEST_HOST)";
				CODE_SIGN_STYLE = Automatic;
				CURRENT_PROJECT_VERSION = 1;
				DEVELOPMENT_TEAM = 7VT27N92K3;
				GENERATE_INFOPLIST_FILE = YES;
				IPHONEOS_DEPLOYMENT_TARGET = 26.2;
				MARKETING_VERSION = 1.0;
				PRODUCT_BUNDLE_IDENTIFIER = aak.borsaAppTests;
				PRODUCT_NAME = "$(TARGET_NAME)";
				STRING_CATALOG_GENERATE_SYMBOLS = NO;
				SWIFT_APPROACHABLE_CONCURRENCY = YES;
				SWIFT_EMIT_LOC_STRINGS = NO;
				SWIFT_UPCOMING_FEATURE_MEMBER_IMPORT_VISIBILITY = YES;
				SWIFT_VERSION = 5.0;
				TARGETED_DEVICE_FAMILY = "1,2";
				TEST_HOST = "$(BUILT_PRODUCTS_DIR)/borsaApp.app/$(BUNDLE_EXECUTABLE_FOLDER_PATH)/borsaApp";
			};
			name = Debug;
		};
		C9170B062F60C7B4003D3C33 /* Release */ = {
			isa = XCBuildConfiguration;
			buildSettings = {
				BUNDLE_LOADER = "$(TEST_HOST)";
				CODE_SIGN_STYLE = Automatic;
				CURRENT_PROJECT_VERSION = 1;
				DEVELOPMENT_TEAM = 7VT27N92K3;
				GENERATE_INFOPLIST_FILE = YES;
				IPHONEOS_DEPLOYMENT_TARGET = 26.2;
				MARKETING_VERSION = 1.0;
				PRODUCT_BUNDLE_IDENTIFIER = aak.borsaAppTests;
				PRODUCT_NAME = "$(TARGET_NAME)";
				STRING_CATALOG_GENERATE_SYMBOLS = NO;
				SWIFT_APPROACHABLE_CONCURRENCY = YES;
				SWIFT_EMIT_LOC_STRINGS = NO;
				SWIFT_UPCOMING_FEATURE_MEMBER_IMPORT_VISIBILITY = YES;
				SWIFT_VERSION = 5.0;
				TARGETED_DEVICE_FAMILY = "1,2";
				TEST_HOST = "$(BUILT_PRODUCTS_DIR)/borsaApp.app/$(BUNDLE_EXECUTABLE_FOLDER_PATH)/borsaApp";
			};
			name = Release;
		};
		C9170B082F60C7B4003D3C33 /* Debug */ = {
			isa = XCBuildConfiguration;
			buildSettings = {
				CODE_SIGN_STYLE = Automatic;
				CURRENT_PROJECT_VERSION = 1;
				DEVELOPMENT_TEAM = 7VT27N92K3;
				GENERATE_INFOPLIST_FILE = YES;
				MARKETING_VERSION = 1.0;
				PRODUCT_BUNDLE_IDENTIFIER = aak.borsaAppUITests;
				PRODUCT_NAME = "$(TARGET_NAME)";
				STRING_CATALOG_GENERATE_SYMBOLS = NO;
				SWIFT_APPROACHABLE_CONCURRENCY = YES;
				SWIFT_EMIT_LOC_STRINGS = NO;
				SWIFT_UPCOMING_FEATURE_MEMBER_IMPORT_VISIBILITY = YES;
				SWIFT_VERSION = 5.0;
				TARGETED_DEVICE_FAMILY = "1,2";
				TEST_TARGET_NAME = borsaApp;
			};
			name = Debug;
		};
		C9170B092F60C7B4003D3C33 /* Release */ = {
			isa = XCBuildConfiguration;
			buildSettings = {
				CODE_SIGN_STYLE = Automatic;
				CURRENT_PROJECT_VERSION = 1;
				DEVELOPMENT_TEAM = 7VT27N92K3;
				GENERATE_INFOPLIST_FILE = YES;
				MARKETING_VERSION = 1.0;
				PRODUCT_BUNDLE_IDENTIFIER = aak.borsaAppUITests;
				PRODUCT_NAME = "$(TARGET_NAME)";
				STRING_CATALOG_GENERATE_SYMBOLS = NO;
				SWIFT_APPROACHABLE_CONCURRENCY = YES;
				SWIFT_EMIT_LOC_STRINGS = NO;
				SWIFT_UPCOMING_FEATURE_MEMBER_IMPORT_VISIBILITY = YES;
				SWIFT_VERSION = 5.0;
				TARGETED_DEVICE_FAMILY = "1,2";
				TEST_TARGET_NAME = borsaApp;
			};
			name = Release;
		};
/* End XCBuildConfiguration section */

/* Begin XCConfigurationList section */
		C9170ADB2F60C7B0003D3C33 /* Build configuration list for PBXProject "borsaApp" */ = {
			isa = XCConfigurationList;
			buildConfigurations = (
				C9170AFF2F60C7B4003D3C33 /* Debug */,
				C9170B002F60C7B4003D3C33 /* Release */,
			);
			defaultConfigurationIsVisible = 0;
			defaultConfigurationName = Release;
		};
		C9170B012F60C7B4003D3C33 /* Build configuration list for PBXNativeTarget "borsaApp" */ = {
			isa = XCConfigurationList;
			buildConfigurations = (
				C9170B022F60C7B4003D3C33 /* Debug */,
				C9170B032F60C7B4003D3C33 /* Release */,
			);
			defaultConfigurationIsVisible = 0;
			defaultConfigurationName = Release;
		};
		C9170B042F60C7B4003D3C33 /* Build configuration list for PBXNativeTarget "borsaAppTests" */ = {
			isa = XCConfigurationList;
			buildConfigurations = (
				C9170B052F60C7B4003D3C33 /* Debug */,
				C9170B062F60C7B4003D3C33 /* Release */,
			);
			defaultConfigurationIsVisible = 0;
			defaultConfigurationName = Release;
		};
		C9170B072F60C7B4003D3C33 /* Build configuration list for PBXNativeTarget "borsaAppUITests" */ = {
			isa = XCConfigurationList;
			buildConfigurations = (
				C9170B082F60C7B4003D3C33 /* Debug */,
				C9170B092F60C7B4003D3C33 /* Release */,
			);
			defaultConfigurationIsVisible = 0;
			defaultConfigurationName = Release;
		};
/* End XCConfigurationList section */
	};
	rootObject = C9170AD82F60C7B0003D3C33 /* Project object */;
}
